github.com/boltdb/bolt v1.3.1 h1:JQmyP4ZBrce+ZQu0dY660FMfatumYDLun9hBCUVIkF4=
github.com/boltdb/bolt v1.3.1/go.mod h1:clJnj/oiGkjum5o1McbSZDSLxVThjynRyGBgiAx27Ps=
github.com/davecgh/go-spew v1.1.1 h1:vj9j/u1bqnvCEfJOwUhtlOARqs3+rkHYY13jYWTU97c=
github.com/davecgh/go-spew v1.1.1/go.mod h1:J7Y8YcW2NihsgmVo/mv3lAwl/skON4iLHjSsI+c5H38=
github.com/gorilla/mux v1.7.4 h1:VuZ8uybHlWmqV03+zRzdwKL4tUnIp1MAQtp1mIFE1bc=
github.com/gorilla/mux v1.7.4/go.mod h1:DVbg23sWSpFRCP0SfiEN6jmj59UnW/n46BH5rLB71So=
github.com/h2non/filetype v1.1.0 h1:Or/gjocJrJRNK/Cri/TDEKFjAR+cfG6eK65NGYB6gBA=
github.com/h2non/filetype v1.1.0/go.mod h1:319b3zT68BvV+WRj7cwy856M2ehB3HqNOt6sy1HndBY=
github.com/konsorten/go-windows-terminal-sequences v1.0.3 h1:CE8S1cTafDpPvMhIxNJKvHsGVBgn1xWYf1NbHQhywc8=
github.com/konsorten/go-windows-terminal-sequences v1.0.3/go.mod h1:T0+1ngSBFLxvqU3pZ+m/2kptfBszLMUkC4ZK/EgS/cQ=
github.com/nfnt/resize v0.0.0-20180221191011-83c6a9932646 h1:zYyBkD/k9seD2A7fsi6Oo2LfFZAehjjQMERAvZLEDnQ=
github.com/nfnt/resize v0.0.0-20180221191011-83c6a9932646/go.mod h1:jpp1/29i3P1S/RLdc7JQKbRpFeM1dOBd8T9ki5s+AY8=
github.com/pmezard/go-difflib v1.0.0 h1:4DBwDE0NGyQoBHbLQYPwSUPoCMWR5BEzIk/f1lZbAQM=
github.com/pmezard/go-difflib v1.0.0/go.mod h1:iKH77koFhYxTK1pcRnkKkqfTogsbg7gZNVY4sRDYZ/4=
github.com/reusee/mmh3 v0.0.0-20140820141314-64b85163255b h1:GQkEnyBFqzQXb3RFqGt5z2QcBZJVQxgzXKF/sPCFh7w=
github.com/reusee/mmh3 v0.0.0-20140820141314-64b85163255b/go.mod h1:ADBBIMrt68BC/v967NyoiPZMwPVq44r8QJ5oRyXJHJs=
github.com/rwcarlsen/goexif v0.0.0-20190401172101-9e8deecbddbd h1:CmH9+J6ZSsIjUK3dcGsnCnO41eRBOnY12zwkn5qVwgc=
github.com/rwcarlsen/goexif v0.0.0-20190401172101-9e8deecbddbd/go.mod h1:hPqNNc0+uJM6H+SuU8sEs5K5IQeKccPqeSjfgcKGgPk=
github.com/sirupsen/logrus v1.6.0 h1:UBcNElsrwanuuMsnGSlYmtmgbb23qDR5dG+6X6Oo89I=
github.com/sirupsen/logrus v1.6.0/go.mod h1:7uNnSEd1DgxDLC74fIahvMZmmYsHGZGEOFrfsX/uA88=
github.com/stretchr/testify v1.2.2 h1:bSDNvY7ZPG5RlJ8otE/7V6gMiyenm9RtJ7IUVIAoJ1w=
github.com/stretchr/testify v1.2.2/go.mod h1:a8OnRcib4nhh0OaRAV+Yts87kKdq0PP7pXfy6kDkUVs=
golang.org/x/sys v0.0.0-20190422165155-953cdadca894 h1:Cz4ceDQGXuKRnVBDTS23GTn/pU5OE2C0WrNTOYK1Uuc=
golang.org/x/sys v0.0.0-20190422165155-953cdadca894/go.mod h1:h1NjWce9XRLGQEsW7wpKNCjG9DtNlClVuFLEZdDNbEs=
